github.com/gethugothemes/hugo-modules/gallery-slider v0.0.0-20240125040205-f89da7357d93 h1:IMwR4eIP3s5kpfzO5GLA5IRKnjqH7RJSRIExmHAnkO4=
github.com/gethugothemes/hugo-modules/gallery-slider v0.0.0-20240125040205-f89da7357d93/go.mod h1:MvQ2js/ofZ22CTX5wuvE+dC0rMe6C5HAWL2fEOu/yzE=
github.com/jpanther/congo/v2 v2.8.0 h1:/XkKK/ywD2SgSwjeYxwx7lLXIM7tt9wS5MvUaAnv9u0=
github.com/jpanther/congo/v2 v2.8.0/go.mod h1:1S7DRoO1ZYS4YUdFd1LjTkdyjQwsjFWd8TqSfz3Jd+M=
